
Microsoft Visual Studio Solution File, Format Version 12.00
# Visual Studio Version 16
VisualStudioVersion = 16.0.28809.33
MinimumVisualStudioVersion = 10.0.40219.1
Project("{FAE04EC0-301F-11D3-BF4B-00C04F79EFBC}") = "zConnect", "Connect\zConnect.csproj", "{552A3414-BBF1-46D6-B15E-6D53FC481DCB}"
EndProject
Global
	GlobalSection(SolutionConfigurationPlatforms) = preSolution
		Debug|Any CPU = Debug|Any CPU
		Release|Any CPU = Release|Any CPU
	EndGlobalSection
	GlobalSection(ProjectConfigurationPlatforms) = postSolution
		{552A3414-BBF1-46D6-B15E-6D53FC481DCB}.Debug|Any CPU.ActiveCfg = Debug|Any CPU
		{552A3414-BBF1-46D6-B15E-6D53FC481DCB}.Debug|Any CPU.Build.0 = Debug|Any CPU
		{552A3414-BBF1-46D6-B15E-6D53FC481DCB}.Release|Any CPU.ActiveCfg = Release|Any CPU
		{552A3414-BBF1-46D6-B15E-6D53FC481DCB}.Release|Any CPU.Build.0 = Release|Any CPU
	EndGlobalSection
	GlobalSection(SolutionProperties) = preSolution
		HideSolutionNode = FALSE
	EndGlobalSection
	GlobalSection(ExtensibilityGlobals) = postSolution
		SolutionGuid = {941AD6EC-FCE8-49C6-8570-733A58BACFCD}
	EndGlobalSection
EndGlobal
